
Microsoft Visual Studio Solution File, Format Version 12.00
# Visual Studio Version 16
VisualStudioVersion = 16.0.28729.10
MinimumVisualStudioVersion = 10.0.40219.1
Project("{FAE04EC0-301F-11D3-BF4B-00C04F79EFBC}") = "QuickAnalyzer", "QuickAnalyzer\QuickAnalyzer.csproj", "{934063F8-46A6-412B-95F8-1F8227239437}"
EndProject
Project("{FAE04EC0-301F-11D3-BF4B-00C04F79EFBC}") = "TranslatorEngine", "TranslatorEngine\TranslatorEngine.csproj", "{67F7A833-92CA-440E-9155-04228974501C}"
EndProject
Global
	GlobalSection(SolutionConfigurationPlatforms) = preSolution
		Debug|Any CPU = Debug|Any CPU
		Debug|Mixed Platforms = Debug|Mixed Platforms
		Debug|x86 = Debug|x86
		Release|Any CPU = Release|Any CPU
		Release|Mixed Platforms = Release|Mixed Platforms
		Release|x86 = Release|x86
	EndGlobalSection
	GlobalSection(ProjectConfigurationPlatforms) = postSolution
		{934063F8-46A6-412B-95F8-1F8227239437}.Debug|Any CPU.ActiveCfg = Debug|x86
		{934063F8-46A6-412B-95F8-1F8227239437}.Debug|Any CPU.Build.0 = Debug|x86
		{934063F8-46A6-412B-95F8-1F8227239437}.Debug|Mixed Platforms.ActiveCfg = Debug|x86
		{934063F8-46A6-412B-95F8-1F8227239437}.Debug|Mixed Platforms.Build.0 = Debug|x86
		{934063F8-46A6-412B-95F8-1F8227239437}.Debug|x86.ActiveCfg = Debug|x86
		{934063F8-46A6-412B-95F8-1F8227239437}.Debug|x86.Build.0 = Debug|x86
		{934063F8-46A6-412B-95F8-1F8227239437}.Release|Any CPU.ActiveCfg = Release|x86
		{934063F8-46A6-412B-95F8-1F8227239437}.Release|Any CPU.Build.0 = Release|x86
		{934063F8-46A6-412B-95F8-1F8227239437}.Release|Mixed Platforms.ActiveCfg = Release|x86
		{934063F8-46A6-412B-95F8-1F8227239437}.Release|Mixed Platforms.Build.0 = Release|x86
		{934063F8-46A6-412B-95F8-1F8227239437}.Release|x86.ActiveCfg = Release|x86
		{934063F8-46A6-412B-95F8-1F8227239437}.Release|x86.Build.0 = Release|x86
		{67F7A833-92CA-440E-9155-04228974501C}.Debug|Any CPU.ActiveCfg = Debug|x86
		{67F7A833-92CA-440E-9155-04228974501C}.Debug|Mixed Platforms.ActiveCfg = Debug|x86
		{67F7A833-92CA-440E-9155-04228974501C}.Debug|Mixed Platforms.Build.0 = Debug|x86
		{67F7A833-92CA-440E-9155-04228974501C}.Debug|x86.ActiveCfg = Debug|x86
		{67F7A833-92CA-440E-9155-04228974501C}.Debug|x86.Build.0 = Debug|x86
		{67F7A833-92CA-440E-9155-04228974501C}.Release|Any CPU.ActiveCfg = Release|x86
		{67F7A833-92CA-440E-9155-04228974501C}.Release|Mixed Platforms.ActiveCfg = Release|x86
		{67F7A833-92CA-440E-9155-04228974501C}.Release|Mixed Platforms.Build.0 = Release|x86
		{67F7A833-92CA-440E-9155-04228974501C}.Release|x86.ActiveCfg = Release|x86
		{67F7A833-92CA-440E-9155-04228974501C}.Release|x86.Build.0 = Release|x86
	EndGlobalSection
	GlobalSection(SolutionProperties) = preSolution
		HideSolutionNode = FALSE
	EndGlobalSection
	GlobalSection(ExtensibilityGlobals) = postSolution
		SolutionGuid = {E55854C4-11E2-4A0D-A4A2-B59BE928A252}
	EndGlobalSection
EndGlobal
