
Microsoft Visual Studio Solution File, Format Version 12.00
# Visual Studio Version 16
VisualStudioVersion = 16.0.28729.10
MinimumVisualStudioVersion = 10.0.40219.1
Project("{FAE04EC0-301F-11D3-BF4B-00C04F79EFBC}") = "QuickTextSplitter", "QuickTextSplitter\QuickTextSplitter.csproj", "{5F6716AA-33A6-41F5-B664-D14515F15D1B}"
EndProject
Project("{FAE04EC0-301F-11D3-BF4B-00C04F79EFBC}") = "TranslatorEngine", "TranslatorEngine\TranslatorEngine.csproj", "{67F7A833-92CA-440E-9155-04228974501C}"
EndProject
Global
	GlobalSection(SolutionConfigurationPlatforms) = preSolution
		Debug|Any CPU = Debug|Any CPU
		Debug|Mixed Platforms = Debug|Mixed Platforms
		Debug|x86 = Debug|x86
		Release|Any CPU = Release|Any CPU
		Release|Mixed Platforms = Release|Mixed Platforms
		Release|x86 = Release|x86
	EndGlobalSection
	GlobalSection(ProjectConfigurationPlatforms) = postSolution
		{5F6716AA-33A6-41F5-B664-D14515F15D1B}.Debug|Any CPU.ActiveCfg = Debug|x86
		{5F6716AA-33A6-41F5-B664-D14515F15D1B}.Debug|Any CPU.Build.0 = Debug|x86
		{5F6716AA-33A6-41F5-B664-D14515F15D1B}.Debug|Mixed Platforms.ActiveCfg = Debug|x86
		{5F6716AA-33A6-41F5-B664-D14515F15D1B}.Debug|Mixed Platforms.Build.0 = Debug|x86
		{5F6716AA-33A6-41F5-B664-D14515F15D1B}.Debug|x86.ActiveCfg = Debug|x86
		{5F6716AA-33A6-41F5-B664-D14515F15D1B}.Debug|x86.Build.0 = Debug|x86
		{5F6716AA-33A6-41F5-B664-D14515F15D1B}.Release|Any CPU.ActiveCfg = Release|x86
		{5F6716AA-33A6-41F5-B664-D14515F15D1B}.Release|Any CPU.Build.0 = Release|x86
		{5F6716AA-33A6-41F5-B664-D14515F15D1B}.Release|Mixed Platforms.ActiveCfg = Release|x86
		{5F6716AA-33A6-41F5-B664-D14515F15D1B}.Release|Mixed Platforms.Build.0 = Release|x86
		{5F6716AA-33A6-41F5-B664-D14515F15D1B}.Release|x86.ActiveCfg = Release|x86
		{5F6716AA-33A6-41F5-B664-D14515F15D1B}.Release|x86.Build.0 = Release|x86
		{67F7A833-92CA-440E-9155-04228974501C}.Debug|Any CPU.ActiveCfg = Debug|x86
		{67F7A833-92CA-440E-9155-04228974501C}.Debug|Mixed Platforms.ActiveCfg = Debug|x86
		{67F7A833-92CA-440E-9155-04228974501C}.Debug|Mixed Platforms.Build.0 = Debug|x86
		{67F7A833-92CA-440E-9155-04228974501C}.Debug|x86.ActiveCfg = Debug|x86
		{67F7A833-92CA-440E-9155-04228974501C}.Debug|x86.Build.0 = Debug|x86
		{67F7A833-92CA-440E-9155-04228974501C}.Release|Any CPU.ActiveCfg = Release|x86
		{67F7A833-92CA-440E-9155-04228974501C}.Release|Mixed Platforms.ActiveCfg = Release|x86
		{67F7A833-92CA-440E-9155-04228974501C}.Release|Mixed Platforms.Build.0 = Release|x86
		{67F7A833-92CA-440E-9155-04228974501C}.Release|x86.ActiveCfg = Release|x86
		{67F7A833-92CA-440E-9155-04228974501C}.Release|x86.Build.0 = Release|x86
	EndGlobalSection
	GlobalSection(SolutionProperties) = preSolution
		HideSolutionNode = FALSE
	EndGlobalSection
	GlobalSection(ExtensibilityGlobals) = postSolution
		SolutionGuid = {C0FD183F-314A-4638-82FE-E126BC7C5CD2}
	EndGlobalSection
EndGlobal
